// !$*UTF8*$!
{
	archiveVersion = 1;
	classes = {
	};
	objectVersion = 46;
	objects = {

/* Begin PBXBuildFile section */
		593C35651AE0C49D00A77E2E /* AppDelegate.swift in Sources */ = {isa = PBXBuildFile; fileRef = 593C35641AE0C49D00A77E2E /* AppDelegate.swift */; };
		593C35671AE0C49D00A77E2E /* ViewController.swift in Sources */ = {isa = PBXBuildFile; fileRef = 593C35661AE0C49D00A77E2E /* ViewController.swift */; };
		593C356A1AE0C49D00A77E2E /* Main.storyboard in Resources */ = {isa = PBXBuildFile; fileRef = 593C35681AE0C49D00A77E2E /* Main.storyboard */; };
		593C356C1AE0C49D00A77E2E /* Images.xcassets in Resources */ = {isa = PBXBuildFile; fileRef = 593C356B1AE0C49D00A77E2E /* Images.xcassets */; };
		593C356F1AE0C49D00A77E2E /* LaunchScreen.xib in Resources */ = {isa = PBXBuildFile; fileRef = 593C356D1AE0C49D00A77E2E /* LaunchScreen.xib */; };
		593C357B1AE0C49D00A77E2E /* PostcardTests.swift in Sources */ = {isa = PBXBuildFile; fileRef = 593C357A1AE0C49D00A77E2E /* PostcardTests.swift */; };
		593C35851AE0CDE700A77E2E /* SagradaFamilia.jpeg in Resources */ = {isa = PBXBuildFile; fileRef = 593C35841AE0CDE700A77E2E /* SagradaFamilia.jpeg */; };
		593C35871AE0D1A400A77E2E /* AlbertEinsteinStamp.jpg in Resources */ = {isa = PBXBuildFile; fileRef = 593C35861AE0D1A400A77E2E /* AlbertEinsteinStamp.jpg */; };
/* End PBXBuildFile section */

/* Begin PBXContainerItemProxy section */
		593C35751AE0C49D00A77E2E /* PBXContainerItemProxy */ = {
			isa = PBXContainerItemProxy;
			containerPortal = 593C35571AE0C49D00A77E2E /* Project object */;
			proxyType = 1;
			remoteGlobalIDString = 593C355E1AE0C49D00A77E2E;
			remoteInfo = Postcard;
		};
/* End PBXContainerItemProxy section */

/* Begin PBXFileReference section */
		593C355F1AE0C49D00A77E2E /* Postcard.app */ = {isa = PBXFileReference; explicitFileType = wrapper.application; includeInIndex = 0; path = Postcard.app; sourceTree = BUILT_PRODUCTS_DIR; };
		593C35631AE0C49D00A77E2E /* Info.plist */ = {isa = PBXFileReference; lastKnownFileType = text.plist.xml; path = Info.plist; sourceTree = "<group>"; };
		593C35641AE0C49D00A77E2E /* AppDelegate.swift */ = {isa = PBXFileReference; lastKnownFileType = sourcecode.swift; path = AppDelegate.swift; sourceTree = "<group>"; };
		593C35661AE0C49D00A77E2E /* ViewController.swift */ = {isa = PBXFileReference; lastKnownFileType = sourcecode.swift; path = ViewController.swift; sourceTree = "<group>"; };
		593C35691AE0C49D00A77E2E /* Base */ = {isa = PBXFileReference; lastKnownFileType = file.storyboard; name = Base; path = Base.lproj/Main.storyboard; sourceTree = "<group>"; };
		593C356B1AE0C49D00A77E2E /* Images.xcassets */ = {isa = PBXFileReference; lastKnownFileType = folder.assetcatalog; path = Images.xcassets; sourceTree = "<group>"; };
		593C356E1AE0C49D00A77E2E /* Base */ = {isa = PBXFileReference; lastKnownFileType = file.xib; name = Base; path = Base.lproj/LaunchScreen.xib; sourceTree = "<group>"; };
		593C35741AE0C49D00A77E2E /* PostcardTests.xctest */ = {isa = PBXFileReference; explicitFileType = wrapper.cfbundle; includeInIndex = 0; path = PostcardTests.xctest; sourceTree = BUILT_PRODUCTS_DIR; };
		593C35791AE0C49D00A77E2E /* Info.plist */ = {isa = PBXFileReference; lastKnownFileType = text.plist.xml; path = Info.plist; sourceTree = "<group>"; };
		593C357A1AE0C49D00A77E2E /* PostcardTests.swift */ = {isa = PBXFileReference; lastKnownFileType = sourcecode.swift; path = PostcardTests.swift; sourceTree = "<group>"; };
		593C35841AE0CDE700A77E2E /* SagradaFamilia.jpeg */ = {isa = PBXFileReference; lastKnownFileType = image.jpeg; path = SagradaFamilia.jpeg; sourceTree = "<group>"; };
		593C35861AE0D1A400A77E2E /* AlbertEinsteinStamp.jpg */ = {isa = PBXFileReference; lastKnownFileType = image.jpeg; path = AlbertEinsteinStamp.jpg; sourceTree = "<group>"; };
/* End PBXFileReference section */

/* Begin PBXFrameworksBuildPhase section */
		593C355C1AE0C49D00A77E2E /* Frameworks */ = {
			isa = PBXFrameworksBuildPhase;
			buildActionMask = 2147483647;
			files = (
			);
			runOnlyForDeploymentPostprocessing = 0;
		};
		593C35711AE0C49D00A77E2E /* Frameworks */ = {
			isa = PBXFrameworksBuildPhase;
			buildActionMask = 2147483647;
			files = (
			);
			runOnlyForDeploymentPostprocessing = 0;
		};
/* End PBXFrameworksBuildPhase section */

/* Begin PBXGroup section */
		593C35561AE0C49D00A77E2E = {
			isa = PBXGroup;
			children = (
				593C35611AE0C49D00A77E2E /* Postcard */,
				593C35771AE0C49D00A77E2E /* PostcardTests */,
				593C35601AE0C49D00A77E2E /* Products */,
			);
			sourceTree = "<group>";
		};
		593C35601AE0C49D00A77E2E /* Products */ = {
			isa = PBXGroup;
			children = (
				593C355F1AE0C49D00A77E2E /* Postcard.app */,
				593C35741AE0C49D00A77E2E /* PostcardTests.xctest */,
			);
			name = Products;
			sourceTree = "<group>";
		};
		593C35611AE0C49D00A77E2E /* Postcard */ = {
			isa = PBXGroup;
			children = (
				593C35641AE0C49D00A77E2E /* AppDelegate.swift */,
				593C35661AE0C49D00A77E2E /* ViewController.swift */,
				593C35681AE0C49D00A77E2E /* Main.storyboard */,
				593C356B1AE0C49D00A77E2E /* Images.xcassets */,
				593C356D1AE0C49D00A77E2E /* LaunchScreen.xib */,
				593C35621AE0C49D00A77E2E /* Supporting Files */,
			);
			path = Postcard;
			sourceTree = "<group>";
		};
		593C35621AE0C49D00A77E2E /* Supporting Files */ = {
			isa = PBXGroup;
			children = (
				593C35861AE0D1A400A77E2E /* AlbertEinsteinStamp.jpg */,
				593C35841AE0CDE700A77E2E /* SagradaFamilia.jpeg */,
				593C35631AE0C49D00A77E2E /* Info.plist */,
			);
			name = "Supporting Files";
			sourceTree = "<group>";
		};
		593C35771AE0C49D00A77E2E /* PostcardTests */ = {
			isa = PBXGroup;
			children = (
				593C357A1AE0C49D00A77E2E /* PostcardTests.swift */,
				593C35781AE0C49D00A77E2E /* Supporting Files */,
			);
			path = PostcardTests;
			sourceTree = "<group>";
		};
		593C35781AE0C49D00A77E2E /* Supporting Files */ = {
			isa = PBXGroup;
			children = (
				593C35791AE0C49D00A77E2E /* Info.plist */,
			);
			name = "Supporting Files";
			sourceTree = "<group>";
		};
/* End PBXGroup section */

/* Begin PBXNativeTarget section */
		593C355E1AE0C49D00A77E2E /* Postcard */ = {
			isa = PBXNativeTarget;
			buildConfigurationList = 593C357E1AE0C49D00A77E2E /* Build configuration list for PBXNativeTarget "Postcard" */;
			buildPhases = (
				593C355B1AE0C49D00A77E2E /* Sources */,
				593C355C1AE0C49D00A77E2E /* Frameworks */,
				593C355D1AE0C49D00A77E2E /* Resources */,
			);
			buildRules = (
			);
			dependencies = (
			);
			name = Postcard;
			productName = Postcard;
			productReference = 593C355F1AE0C49D00A77E2E /* Postcard.app */;
			productType = "com.apple.product-type.application";
		};
		593C35731AE0C49D00A77E2E /* PostcardTests */ = {
			isa = PBXNativeTarget;
			buildConfigurationList = 593C35811AE0C49D00A77E2E /* Build configuration list for PBXNativeTarget "PostcardTests" */;
			buildPhases = (
				593C35701AE0C49D00A77E2E /* Sources */,
				593C35711AE0C49D00A77E2E /* Frameworks */,
				593C35721AE0C49D00A77E2E /* Resources */,
			);
			buildRules = (
			);
			dependencies = (
				593C35761AE0C49D00A77E2E /* PBXTargetDependency */,
			);
			name = PostcardTests;
			productName = PostcardTests;
			productReference = 593C35741AE0C49D00A77E2E /* PostcardTests.xctest */;
			productType = "com.apple.product-type.bundle.unit-test";
		};
/* End PBXNativeTarget section */

/* Begin PBXProject section */
		593C35571AE0C49D00A77E2E /* Project object */ = {
			isa = PBXProject;
			attributes = {
				LastUpgradeCheck = 0630;
				ORGANIZATIONNAME = AmbrosaVN;
				TargetAttributes = {
					593C355E1AE0C49D00A77E2E = {
						CreatedOnToolsVersion = 6.3;
					};
					593C35731AE0C49D00A77E2E = {
						CreatedOnToolsVersion = 6.3;
						TestTargetID = 593C355E1AE0C49D00A77E2E;
					};
				};
			};
			buildConfigurationList = 593C355A1AE0C49D00A77E2E /* Build configuration list for PBXProject "Postcard" */;
			compatibilityVersion = "Xcode 3.2";
			developmentRegion = English;
			hasScannedForEncodings = 0;
			knownRegions = (
				en,
				Base,
			);
			mainGroup = 593C35561AE0C49D00A77E2E;
			productRefGroup = 593C35601AE0C49D00A77E2E /* Products */;
			projectDirPath = "";
			projectRoot = "";
			targets = (
				593C355E1AE0C49D00A77E2E /* Postcard */,
				593C35731AE0C49D00A77E2E /* PostcardTests */,
			);
		};
/* End PBXProject section */

/* Begin PBXResourcesBuildPhase section */
		593C355D1AE0C49D00A77E2E /* Resources */ = {
			isa = PBXResourcesBuildPhase;
			buildActionMask = 2147483647;
			files = (
				593C356A1AE0C49D00A77E2E /* Main.storyboard in Resources */,
				593C35851AE0CDE700A77E2E /* SagradaFamilia.jpeg in Resources */,
				593C35871AE0D1A400A77E2E /* AlbertEinsteinStamp.jpg in Resources */,
				593C356F1AE0C49D00A77E2E /* LaunchScreen.xib in Resources */,
				593C356C1AE0C49D00A77E2E /* Images.xcassets in Resources */,
			);
			runOnlyForDeploymentPostprocessing = 0;
		};
		593C35721AE0C49D00A77E2E /* Resources */ = {
			isa = PBXResourcesBuildPhase;
			buildActionMask = 2147483647;
			files = (
			);
			runOnlyForDeploymentPostprocessing = 0;
		};
/* End PBXResourcesBuildPhase section */

/* Begin PBXSourcesBuildPhase section */
		593C355B1AE0C49D00A77E2E /* Sources */ = {
			isa = PBXSourcesBuildPhase;
			buildActionMask = 2147483647;
			files = (
				593C35671AE0C49D00A77E2E /* ViewController.swift in Sources */,
				593C35651AE0C49D00A77E2E /* AppDelegate.swift in Sources */,
			);
			runOnlyForDeploymentPostprocessing = 0;
		};
		593C35701AE0C49D00A77E2E /* Sources */ = {
			isa = PBXSourcesBuildPhase;
			buildActionMask = 2147483647;
			files = (
				593C357B1AE0C49D00A77E2E /* PostcardTests.swift in Sources */,
			);
			runOnlyForDeploymentPostprocessing = 0;
		};
/* End PBXSourcesBuildPhase section */

/* Begin PBXTargetDependency section */
		593C35761AE0C49D00A77E2E /* PBXTargetDependency */ = {
			isa = PBXTargetDependency;
			target = 593C355E1AE0C49D00A77E2E /* Postcard */;
			targetProxy = 593C35751AE0C49D00A77E2E /* PBXContainerItemProxy */;
		};
/* End PBXTargetDependency section */

/* Begin PBXVariantGroup section */
		593C35681AE0C49D00A77E2E /* Main.storyboard */ = {
			isa = PBXVariantGroup;
			children = (
				593C35691AE0C49D00A77E2E /* Base */,
			);
			name = Main.storyboard;
			sourceTree = "<group>";
		};
		593C356D1AE0C49D00A77E2E /* LaunchScreen.xib */ = {
			isa = PBXVariantGroup;
			children = (
				593C356E1AE0C49D00A77E2E /* Base */,
			);
			name = LaunchScreen.xib;
			sourceTree = "<group>";
		};
/* End PBXVariantGroup section */

/* Begin XCBuildConfiguration section */
		593C357C1AE0C49D00A77E2E /* Debug */ = {
			isa = XCBuildConfiguration;
			buildSettings = {
				ALWAYS_SEARCH_USER_PATHS = NO;
				CLANG_CXX_LANGUAGE_STANDARD = "gnu++0x";
				CLANG_CXX_LIBRARY = "libc++";
				CLANG_ENABLE_MODULES = YES;
				CLANG_ENABLE_OBJC_ARC = YES;
				CLANG_WARN_BOOL_CONVERSION = YES;
				CLANG_WARN_CONSTANT_CONVERSION = YES;
				CLANG_WARN_DIRECT_OBJC_ISA_USAGE = YES_ERROR;
				CLANG_WARN_EMPTY_BODY = YES;
				CLANG_WARN_ENUM_CONVERSION = YES;
				CLANG_WARN_INT_CONVERSION = YES;
				CLANG_WARN_OBJC_ROOT_CLASS = YES_ERROR;
				CLANG_WARN_UNREACHABLE_CODE = YES;
				CLANG_WARN__DUPLICATE_METHOD_MATCH = YES;
				"CODE_SIGN_IDENTITY[sdk=iphoneos*]" = "iPhone Developer";
				COPY_PHASE_STRIP = NO;
				DEBUG_INFORMATION_FORMAT = "dwarf-with-dsym";
				ENABLE_STRICT_OBJC_MSGSEND = YES;
				GCC_C_LANGUAGE_STANDARD = gnu99;
				GCC_DYNAMIC_NO_PIC = NO;
				GCC_NO_COMMON_BLOCKS = YES;
				GCC_OPTIMIZATION_LEVEL = 0;
				GCC_PREPROCESSOR_DEFINITIONS = (
					"DEBUG=1",
					"$(inherited)",
				);
				GCC_SYMBOLS_PRIVATE_EXTERN = NO;
				GCC_WARN_64_TO_32_BIT_CONVERSION = YES;
				GCC_WARN_ABOUT_RETURN_TYPE = YES_ERROR;
				GCC_WARN_UNDECLARED_SELECTOR = YES;
				GCC_WARN_UNINITIALIZED_AUTOS = YES_AGGRESSIVE;
				GCC_WARN_UNUSED_FUNCTION = YES;
				GCC_WARN_UNUSED_VARIABLE = YES;
				IPHONEOS_DEPLOYMENT_TARGET = 8.3;
				MTL_ENABLE_DEBUG_INFO = YES;
				ONLY_ACTIVE_ARCH = YES;
				SDKROOT = iphoneos;
				SWIFT_OPTIMIZATION_LEVEL = "-Onone";
				TARGETED_DEVICE_FAMILY = "1,2";
			};
			name = Debug;
		};
		593C357D1AE0C49D00A77E2E /* Release */ = {
			isa = XCBuildConfiguration;
			buildSettings = {
				ALWAYS_SEARCH_USER_PATHS = NO;
				CLANG_CXX_LANGUAGE_STANDARD = "gnu++0x";
				CLANG_CXX_LIBRARY = "libc++";
				CLANG_ENABLE_MODULES = YES;
				CLANG_ENABLE_OBJC_ARC = YES;
				CLANG_WARN_BOOL_CONVERSION = YES;
				CLANG_WARN_CONSTANT_CONVERSION = YES;
				CLANG_WARN_DIRECT_OBJC_ISA_USAGE = YES_ERROR;
				CLANG_WARN_EMPTY_BODY = YES;
				CLANG_WARN_ENUM_CONVERSION = YES;
				CLANG_WARN_INT_CONVERSION = YES;
				CLANG_WARN_OBJC_ROOT_CLASS = YES_ERROR;
				CLANG_WARN_UNREACHABLE_CODE = YES;
				CLANG_WARN__DUPLICATE_METHOD_MATCH = YES;
				"CODE_SIGN_IDENTITY[sdk=iphoneos*]" = "iPhone Developer";
				COPY_PHASE_STRIP = NO;
				DEBUG_INFORMATION_FORMAT = "dwarf-with-dsym";
				ENABLE_NS_ASSERTIONS = NO;
				ENABLE_STRICT_OBJC_MSGSEND = YES;
				GCC_C_LANGUAGE_STANDARD = gnu99;
				GCC_NO_COMMON_BLOCKS = YES;
				GCC_WARN_64_TO_32_BIT_CONVERSION = YES;
				GCC_WARN_ABOUT_RETURN_TYPE = YES_ERROR;
				GCC_WARN_UNDECLARED_SELECTOR = YES;
				GCC_WARN_UNINITIALIZED_AUTOS = YES_AGGRESSIVE;
				GCC_WARN_UNUSED_FUNCTION = YES;
				GCC_WARN_UNUSED_VARIABLE = YES;
				IPHONEOS_DEPLOYMENT_TARGET = 8.3;
				MTL_ENABLE_DEBUG_INFO = NO;
				SDKROOT = iphoneos;
				TARGETED_DEVICE_FAMILY = "1,2";
				VALIDATE_PRODUCT = YES;
			};
			name = Release;
		};
		593C357F1AE0C49D00A77E2E /* Debug */ = {
			isa = XCBuildConfiguration;
			buildSettings = {
				ASSETCATALOG_COMPILER_APPICON_NAME = AppIcon;
				INFOPLIST_FILE = Postcard/Info.plist;
				LD_RUNPATH_SEARCH_PATHS = "$(inherited) @executable_path/Frameworks";
				PRODUCT_NAME = "$(TARGET_NAME)";
			};
			name = Debug;
		};
		593C35801AE0C49D00A77E2E /* Release */ = {
			isa = XCBuildConfiguration;
			buildSettings = {
				ASSETCATALOG_COMPILER_APPICON_NAME = AppIcon;
				INFOPLIST_FILE = Postcard/Info.plist;
				LD_RUNPATH_SEARCH_PATHS = "$(inherited) @executable_path/Frameworks";
				PRODUCT_NAME = "$(TARGET_NAME)";
			};
			name = Release;
		};
		593C35821AE0C49D00A77E2E /* Debug */ = {
			isa = XCBuildConfiguration;
			buildSettings = {
				BUNDLE_LOADER = "$(TEST_HOST)";
				FRAMEWORK_SEARCH_PATHS = (
					"$(SDKROOT)/Developer/Library/Frameworks",
					"$(inherited)",
				);
				GCC_PREPROCESSOR_DEFINITIONS = (
					"DEBUG=1",
					"$(inherited)",
				);
				INFOPLIST_FILE = PostcardTests/Info.plist;
				LD_RUNPATH_SEARCH_PATHS = "$(inherited) @executable_path/Frameworks @loader_path/Frameworks";
				PRODUCT_NAME = "$(TARGET_NAME)";
				TEST_HOST = "$(BUILT_PRODUCTS_DIR)/Postcard.app/Postcard";
			};
			name = Debug;
		};
		593C35831AE0C49D00A77E2E /* Release */ = {
			isa = XCBuildConfiguration;
			buildSettings = {
				BUNDLE_LOADER = "$(TEST_HOST)";
				FRAMEWORK_SEARCH_PATHS = (
					"$(SDKROOT)/Developer/Library/Frameworks",
					"$(inherited)",
				);
				INFOPLIST_FILE = PostcardTests/Info.plist;
				LD_RUNPATH_SEARCH_PATHS = "$(inherited) @executable_path/Frameworks @loader_path/Frameworks";
				PRODUCT_NAME = "$(TARGET_NAME)";
				TEST_HOST = "$(BUILT_PRODUCTS_DIR)/Postcard.app/Postcard";
			};
			name = Release;
		};
/* End XCBuildConfiguration section */

/* Begin XCConfigurationList section */
		593C355A1AE0C49D00A77E2E /* Build configuration list for PBXProject "Postcard" */ = {
			isa = XCConfigurationList;
			buildConfigurations = (
				593C357C1AE0C49D00A77E2E /* Debug */,
				593C357D1AE0C49D00A77E2E /* Release */,
			);
			defaultConfigurationIsVisible = 0;
			defaultConfigurationName = Release;
		};
		593C357E1AE0C49D00A77E2E /* Build configuration list for PBXNativeTarget "Postcard" */ = {
			isa = XCConfigurationList;
			buildConfigurations = (
				593C357F1AE0C49D00A77E2E /* Debug */,
				593C35801AE0C49D00A77E2E /* Release */,
			);
			defaultConfigurationIsVisible = 0;
		};
		593C35811AE0C49D00A77E2E /* Build configuration list for PBXNativeTarget "PostcardTests" */ = {
			isa = XCConfigurationList;
			buildConfigurations = (
				593C35821AE0C49D00A77E2E /* Debug */,
				593C35831AE0C49D00A77E2E /* Release */,
			);
			defaultConfigurationIsVisible = 0;
		};
/* End XCConfigurationList section */
	};
	rootObject = 593C35571AE0C49D00A77E2E /* Project object */;
}
